// !$*UTF8*$!
{
	archiveVersion = 1;
	classes = {
	};
	objectVersion = 46;
	objects = {

/* Begin PBXBuildFile section */
		49B4F3171E3024C000490366 /* AppDelegate.swift in Sources */ = {isa = PBXBuildFile; fileRef = 49B4F3161E3024C000490366 /* AppDelegate.swift */; };
		49B4F3191E3024C000490366 /* ViewController.swift in Sources */ = {isa = PBXBuildFile; fileRef = 49B4F3181E3024C000490366 /* ViewController.swift */; };
		49B4F31C1E3024C000490366 /* Main.storyboard in Resources */ = {isa = PBXBuildFile; fileRef = 49B4F31A1E3024C000490366 /* Main.storyboard */; };
		49B4F31E1E3024C000490366 /* Assets.xcassets in Resources */ = {isa = PBXBuildFile; fileRef = 49B4F31D1E3024C000490366 /* Assets.xcassets */; };
		49B4F3211E3024C000490366 /* LaunchScreen.storyboard in Resources */ = {isa = PBXBuildFile; fileRef = 49B4F31F1E3024C000490366 /* LaunchScreen.storyboard */; };
		49B4F32C1E3024C000490366 /* randomTests.swift in Sources */ = {isa = PBXBuildFile; fileRef = 49B4F32B1E3024C000490366 /* randomTests.swift */; };
		49B4F3371E3024C000490366 /* randomUITests.swift in Sources */ = {isa = PBXBuildFile; fileRef = 49B4F3361E3024C000490366 /* randomUITests.swift */; };
/* End PBXBuildFile section */

/* Begin PBXContainerItemProxy section */
		49B4F3281E3024C000490366 /* PBXContainerItemProxy */ = {
			isa = PBXContainerItemProxy;
			containerPortal = 49B4F30B1E3024C000490366 /* Project object */;
			proxyType = 1;
			remoteGlobalIDString = 49B4F3121E3024C000490366;
			remoteInfo = random;
		};
		49B4F3331E3024C000490366 /* PBXContainerItemProxy */ = {
			isa = PBXContainerItemProxy;
			containerPortal = 49B4F30B1E3024C000490366 /* Project object */;
			proxyType = 1;
			remoteGlobalIDString = 49B4F3121E3024C000490366;
			remoteInfo = random;
		};
/* End PBXContainerItemProxy section */

/* Begin PBXFileReference section */
		49B4F3131E3024C000490366 /* random.app */ = {isa = PBXFileReference; explicitFileType = wrapper.application; includeInIndex = 0; path = random.app; sourceTree = BUILT_PRODUCTS_DIR; };
		49B4F3161E3024C000490366 /* AppDelegate.swift */ = {isa = PBXFileReference; lastKnownFileType = sourcecode.swift; path = AppDelegate.swift; sourceTree = "<group>"; };
		49B4F3181E3024C000490366 /* ViewController.swift */ = {isa = PBXFileReference; lastKnownFileType = sourcecode.swift; path = ViewController.swift; sourceTree = "<group>"; };
		49B4F31B1E3024C000490366 /* Base */ = {isa = PBXFileReference; lastKnownFileType = file.storyboard; name = Base; path = Base.lproj/Main.storyboard; sourceTree = "<group>"; };
		49B4F31D1E3024C000490366 /* Assets.xcassets */ = {isa = PBXFileReference; lastKnownFileType = folder.assetcatalog; path = Assets.xcassets; sourceTree = "<group>"; };
		49B4F3201E3024C000490366 /* Base */ = {isa = PBXFileReference; lastKnownFileType = file.storyboard; name = Base; path = Base.lproj/LaunchScreen.storyboard; sourceTree = "<group>"; };
		49B4F3221E3024C000490366 /* Info.plist */ = {isa = PBXFileReference; lastKnownFileType = text.plist.xml; path = Info.plist; sourceTree = "<group>"; };
		49B4F3271E3024C000490366 /* randomTests.xctest */ = {isa = PBXFileReference; explicitFileType = wrapper.cfbundle; includeInIndex = 0; path = randomTests.xctest; sourceTree = BUILT_PRODUCTS_DIR; };
		49B4F32B1E3024C000490366 /* randomTests.swift */ = {isa = PBXFileReference; lastKnownFileType = sourcecode.swift; path = randomTests.swift; sourceTree = "<group>"; };
		49B4F32D1E3024C000490366 /* Info.plist */ = {isa = PBXFileReference; lastKnownFileType = text.plist.xml; path = Info.plist; sourceTree = "<group>"; };
		49B4F3321E3024C000490366 /* randomUITests.xctest */ = {isa = PBXFileReference; explicitFileType = wrapper.cfbundle; includeInIndex = 0; path = randomUITests.xctest; sourceTree = BUILT_PRODUCTS_DIR; };
		49B4F3361E3024C000490366 /* randomUITests.swift */ = {isa = PBXFileReference; lastKnownFileType = sourcecode.swift; path = randomUITests.swift; sourceTree = "<group>"; };
		49B4F3381E3024C000490366 /* Info.plist */ = {isa = PBXFileReference; lastKnownFileType = text.plist.xml; path = Info.plist; sourceTree = "<group>"; };
/* End PBXFileReference section */

/* Begin PBXFrameworksBuildPhase section */
		49B4F3101E3024C000490366 /* Frameworks */ = {
			isa = PBXFrameworksBuildPhase;
			buildActionMask = 2147483647;
			files = (
			);
			runOnlyForDeploymentPostprocessing = 0;
		};
		49B4F3241E3024C000490366 /* Frameworks */ = {
			isa = PBXFrameworksBuildPhase;
			buildActionMask = 2147483647;
			files = (
			);
			runOnlyForDeploymentPostprocessing = 0;
		};
		49B4F32F1E3024C000490366 /* Frameworks */ = {
			isa = PBXFrameworksBuildPhase;
			buildActionMask = 2147483647;
			files = (
			);
			runOnlyForDeploymentPostprocessing = 0;
		};
/* End PBXFrameworksBuildPhase section */

/* Begin PBXGroup section */
		49B4F30A1E3024C000490366 = {
			isa = PBXGroup;
			children = (
				49B4F3151E3024C000490366 /* random */,
				49B4F32A1E3024C000490366 /* randomTests */,
				49B4F3351E3024C000490366 /* randomUITests */,
				49B4F3141E3024C000490366 /* Products */,
			);
			sourceTree = "<group>";
		};
		49B4F3141E3024C000490366 /* Products */ = {
			isa = PBXGroup;
			children = (
				49B4F3131E3024C000490366 /* random.app */,
				49B4F3271E3024C000490366 /* randomTests.xctest */,
				49B4F3321E3024C000490366 /* randomUITests.xctest */,
			);
			name = Products;
			sourceTree = "<group>";
		};
		49B4F3151E3024C000490366 /* random */ = {
			isa = PBXGroup;
			children = (
				49B4F3161E3024C000490366 /* AppDelegate.swift */,
				49B4F3181E3024C000490366 /* ViewController.swift */,
				49B4F31A1E3024C000490366 /* Main.storyboard */,
				49B4F31D1E3024C000490366 /* Assets.xcassets */,
				49B4F31F1E3024C000490366 /* LaunchScreen.storyboard */,
				49B4F3221E3024C000490366 /* Info.plist */,
			);
			path = random;
			sourceTree = "<group>";
		};
		49B4F32A1E3024C000490366 /* randomTests */ = {
			isa = PBXGroup;
			children = (
				49B4F32B1E3024C000490366 /* randomTests.swift */,
				49B4F32D1E3024C000490366 /* Info.plist */,
			);
			path = randomTests;
			sourceTree = "<group>";
		};
		49B4F3351E3024C000490366 /* randomUITests */ = {
			isa = PBXGroup;
			children = (
				49B4F3361E3024C000490366 /* randomUITests.swift */,
				49B4F3381E3024C000490366 /* Info.plist */,
			);
			path = randomUITests;
			sourceTree = "<group>";
		};
/* End PBXGroup section */

/* Begin PBXNativeTarget section */
		49B4F3121E3024C000490366 /* random */ = {
			isa = PBXNativeTarget;
			buildConfigurationList = 49B4F33B1E3024C000490366 /* Build configuration list for PBXNativeTarget "random" */;
			buildPhases = (
				49B4F30F1E3024C000490366 /* Sources */,
				49B4F3101E3024C000490366 /* Frameworks */,
				49B4F3111E3024C000490366 /* Resources */,
			);
			buildRules = (
			);
			dependencies = (
			);
			name = random;
			productName = random;
			productReference = 49B4F3131E3024C000490366 /* random.app */;
			productType = "com.apple.product-type.application";
		};
		49B4F3261E3024C000490366 /* randomTests */ = {
			isa = PBXNativeTarget;
			buildConfigurationList = 49B4F33E1E3024C000490366 /* Build configuration list for PBXNativeTarget "randomTests" */;
			buildPhases = (
				49B4F3231E3024C000490366 /* Sources */,
				49B4F3241E3024C000490366 /* Frameworks */,
				49B4F3251E3024C000490366 /* Resources */,
			);
			buildRules = (
			);
			dependencies = (
				49B4F3291E3024C000490366 /* PBXTargetDependency */,
			);
			name = randomTests;
			productName = randomTests;
			productReference = 49B4F3271E3024C000490366 /* randomTests.xctest */;
			productType = "com.apple.product-type.bundle.unit-test";
		};
		49B4F3311E3024C000490366 /* randomUITests */ = {
			isa = PBXNativeTarget;
			buildConfigurationList = 49B4F3411E3024C000490366 /* Build configuration list for PBXNativeTarget "randomUITests" */;
			buildPhases = (
				49B4F32E1E3024C000490366 /* Sources */,
				49B4F32F1E3024C000490366 /* Frameworks */,
				49B4F3301E3024C000490366 /* Resources */,
			);
			buildRules = (
			);
			dependencies = (
				49B4F3341E3024C000490366 /* PBXTargetDependency */,
			);
			name = randomUITests;
			productName = randomUITests;
			productReference = 49B4F3321E3024C000490366 /* randomUITests.xctest */;
			productType = "com.apple.product-type.bundle.ui-testing";
		};
/* End PBXNativeTarget section */

/* Begin PBXProject section */
		49B4F30B1E3024C000490366 /* Project object */ = {
			isa = PBXProject;
			attributes = {
				LastSwiftUpdateCheck = 0820;
				LastUpgradeCheck = 0820;
				ORGANIZATIONNAME = "Kathryn Morrical Coding";
				TargetAttributes = {
					49B4F3121E3024C000490366 = {
						CreatedOnToolsVersion = 8.2.1;
						ProvisioningStyle = Automatic;
					};
					49B4F3261E3024C000490366 = {
						CreatedOnToolsVersion = 8.2.1;
						ProvisioningStyle = Automatic;
						TestTargetID = 49B4F3121E3024C000490366;
					};
					49B4F3311E3024C000490366 = {
						CreatedOnToolsVersion = 8.2.1;
						ProvisioningStyle = Automatic;
						TestTargetID = 49B4F3121E3024C000490366;
					};
				};
			};
			buildConfigurationList = 49B4F30E1E3024C000490366 /* Build configuration list for PBXProject "random" */;
			compatibilityVersion = "Xcode 3.2";
			developmentRegion = English;
			hasScannedForEncodings = 0;
			knownRegions = (
				en,
				Base,
			);
			mainGroup = 49B4F30A1E3024C000490366;
			productRefGroup = 49B4F3141E3024C000490366 /* Products */;
			projectDirPath = "";
			projectRoot = "";
			targets = (
				49B4F3121E3024C000490366 /* random */,
				49B4F3261E3024C000490366 /* randomTests */,
				49B4F3311E3024C000490366 /* randomUITests */,
			);
		};
/* End PBXProject section */

/* Begin PBXResourcesBuildPhase section */
		49B4F3111E3024C000490366 /* Resources */ = {
			isa = PBXResourcesBuildPhase;
			buildActionMask = 2147483647;
			files = (
				49B4F3211E3024C000490366 /* LaunchScreen.storyboard in Resources */,
				49B4F31E1E3024C000490366 /* Assets.xcassets in Resources */,
				49B4F31C1E3024C000490366 /* Main.storyboard in Resources */,
			);
			runOnlyForDeploymentPostprocessing = 0;
		};
		49B4F3251E3024C000490366 /* Resources */ = {
			isa = PBXResourcesBuildPhase;
			buildActionMask = 2147483647;
			files = (
			);
			runOnlyForDeploymentPostprocessing = 0;
		};
		49B4F3301E3024C000490366 /* Resources */ = {
			isa = PBXResourcesBuildPhase;
			buildActionMask = 2147483647;
			files = (
			);
			runOnlyForDeploymentPostprocessing = 0;
		};
/* End PBXResourcesBuildPhase section */

/* Begin PBXSourcesBuildPhase section */
		49B4F30F1E3024C000490366 /* Sources */ = {
			isa = PBXSourcesBuildPhase;
			buildActionMask = 2147483647;
			files = (
				49B4F3191E3024C000490366 /* ViewController.swift in Sources */,
				49B4F3171E3024C000490366 /* AppDelegate.swift in Sources */,
			);
			runOnlyForDeploymentPostprocessing = 0;
		};
		49B4F3231E3024C000490366 /* Sources */ = {
			isa = PBXSourcesBuildPhase;
			buildActionMask = 2147483647;
			files = (
				49B4F32C1E3024C000490366 /* randomTests.swift in Sources */,
			);
			runOnlyForDeploymentPostprocessing = 0;
		};
		49B4F32E1E3024C000490366 /* Sources */ = {
			isa = PBXSourcesBuildPhase;
			buildActionMask = 2147483647;
			files = (
				49B4F3371E3024C000490366 /* randomUITests.swift in Sources */,
			);
			runOnlyForDeploymentPostprocessing = 0;
		};
/* End PBXSourcesBuildPhase section */

/* Begin PBXTargetDependency section */
		49B4F3291E3024C000490366 /* PBXTargetDependency */ = {
			isa = PBXTargetDependency;
			target = 49B4F3121E3024C000490366 /* random */;
			targetProxy = 49B4F3281E3024C000490366 /* PBXContainerItemProxy */;
		};
		49B4F3341E3024C000490366 /* PBXTargetDependency */ = {
			isa = PBXTargetDependency;
			target = 49B4F3121E3024C000490366 /* random */;
			targetProxy = 49B4F3331E3024C000490366 /* PBXContainerItemProxy */;
		};
/* End PBXTargetDependency section */

/* Begin PBXVariantGroup section */
		49B4F31A1E3024C000490366 /* Main.storyboard */ = {
			isa = PBXVariantGroup;
			children = (
				49B4F31B1E3024C000490366 /* Base */,
			);
			name = Main.storyboard;
			sourceTree = "<group>";
		};
		49B4F31F1E3024C000490366 /* LaunchScreen.storyboard */ = {
			isa = PBXVariantGroup;
			children = (
				49B4F3201E3024C000490366 /* Base */,
			);
			name = LaunchScreen.storyboard;
			sourceTree = "<group>";
		};
/* End PBXVariantGroup section */

/* Begin XCBuildConfiguration section */
		49B4F3391E3024C000490366 /* Debug */ = {
			isa = XCBuildConfiguration;
			buildSettings = {
				ALWAYS_SEARCH_USER_PATHS = NO;
				CLANG_ANALYZER_NONNULL = YES;
				CLANG_CXX_LANGUAGE_STANDARD = "gnu++0x";
				CLANG_CXX_LIBRARY = "libc++";
				CLANG_ENABLE_MODULES = YES;
				CLANG_ENABLE_OBJC_ARC = YES;
				CLANG_WARN_BOOL_CONVERSION = YES;
				CLANG_WARN_CONSTANT_CONVERSION = YES;
				CLANG_WARN_DIRECT_OBJC_ISA_USAGE = YES_ERROR;
				CLANG_WARN_DOCUMENTATION_COMMENTS = YES;
				CLANG_WARN_EMPTY_BODY = YES;
				CLANG_WARN_ENUM_CONVERSION = YES;
				CLANG_WARN_INFINITE_RECURSION = YES;
				CLANG_WARN_INT_CONVERSION = YES;
				CLANG_WARN_OBJC_ROOT_CLASS = YES_ERROR;
				CLANG_WARN_SUSPICIOUS_MOVE = YES;
				CLANG_WARN_UNREACHABLE_CODE = YES;
				CLANG_WARN__DUPLICATE_METHOD_MATCH = YES;
				"CODE_SIGN_IDENTITY[sdk=iphoneos*]" = "iPhone Developer";
				COPY_PHASE_STRIP = NO;
				DEBUG_INFORMATION_FORMAT = dwarf;
				ENABLE_STRICT_OBJC_MSGSEND = YES;
				ENABLE_TESTABILITY = YES;
				GCC_C_LANGUAGE_STANDARD = gnu99;
				GCC_DYNAMIC_NO_PIC = NO;
				GCC_NO_COMMON_BLOCKS = YES;
				GCC_OPTIMIZATION_LEVEL = 0;
				GCC_PREPROCESSOR_DEFINITIONS = (
					"DEBUG=1",
					"$(inherited)",
				);
				GCC_WARN_64_TO_32_BIT_CONVERSION = YES;
				GCC_WARN_ABOUT_RETURN_TYPE = YES_ERROR;
				GCC_WARN_UNDECLARED_SELECTOR = YES;
				GCC_WARN_UNINITIALIZED_AUTOS = YES_AGGRESSIVE;
				GCC_WARN_UNUSED_FUNCTION = YES;
				GCC_WARN_UNUSED_VARIABLE = YES;
				IPHONEOS_DEPLOYMENT_TARGET = 10.2;
				MTL_ENABLE_DEBUG_INFO = YES;
				ONLY_ACTIVE_ARCH = YES;
				SDKROOT = iphoneos;
				SWIFT_ACTIVE_COMPILATION_CONDITIONS = DEBUG;
				SWIFT_OPTIMIZATION_LEVEL = "-Onone";
				TARGETED_DEVICE_FAMILY = "1,2";
			};
			name = Debug;
		};
		49B4F33A1E3024C000490366 /* Release */ = {
			isa = XCBuildConfiguration;
			buildSettings = {
				ALWAYS_SEARCH_USER_PATHS = NO;
				CLANG_ANALYZER_NONNULL = YES;
				CLANG_CXX_LANGUAGE_STANDARD = "gnu++0x";
				CLANG_CXX_LIBRARY = "libc++";
				CLANG_ENABLE_MODULES = YES;
				CLANG_ENABLE_OBJC_ARC = YES;
				CLANG_WARN_BOOL_CONVERSION = YES;
				CLANG_WARN_CONSTANT_CONVERSION = YES;
				CLANG_WARN_DIRECT_OBJC_ISA_USAGE = YES_ERROR;
				CLANG_WARN_DOCUMENTATION_COMMENTS = YES;
				CLANG_WARN_EMPTY_BODY = YES;
				CLANG_WARN_ENUM_CONVERSION = YES;
				CLANG_WARN_INFINITE_RECURSION = YES;
				CLANG_WARN_INT_CONVERSION = YES;
				CLANG_WARN_OBJC_ROOT_CLASS = YES_ERROR;
				CLANG_WARN_SUSPICIOUS_MOVE = YES;
				CLANG_WARN_UNREACHABLE_CODE = YES;
				CLANG_WARN__DUPLICATE_METHOD_MATCH = YES;
				"CODE_SIGN_IDENTITY[sdk=iphoneos*]" = "iPhone Developer";
				COPY_PHASE_STRIP = NO;
				DEBUG_INFORMATION_FORMAT = "dwarf-with-dsym";
				ENABLE_NS_ASSERTIONS = NO;
				ENABLE_STRICT_OBJC_MSGSEND = YES;
				GCC_C_LANGUAGE_STANDARD = gnu99;
				GCC_NO_COMMON_BLOCKS = YES;
				GCC_WARN_64_TO_32_BIT_CONVERSION = YES;
				GCC_WARN_ABOUT_RETURN_TYPE = YES_ERROR;
				GCC_WARN_UNDECLARED_SELECTOR = YES;
				GCC_WARN_UNINITIALIZED_AUTOS = YES_AGGRESSIVE;
				GCC_WARN_UNUSED_FUNCTION = YES;
				GCC_WARN_UNUSED_VARIABLE = YES;
				IPHONEOS_DEPLOYMENT_TARGET = 10.2;
				MTL_ENABLE_DEBUG_INFO = NO;
				SDKROOT = iphoneos;
				SWIFT_OPTIMIZATION_LEVEL = "-Owholemodule";
				TARGETED_DEVICE_FAMILY = "1,2";
				VALIDATE_PRODUCT = YES;
			};
			name = Release;
		};
		49B4F33C1E3024C000490366 /* Debug */ = {
			isa = XCBuildConfiguration;
			buildSettings = {
				ASSETCATALOG_COMPILER_APPICON_NAME = AppIcon;
				INFOPLIST_FILE = random/Info.plist;
				LD_RUNPATH_SEARCH_PATHS = "$(inherited) @executable_path/Frameworks";
				PRODUCT_BUNDLE_IDENTIFIER = com.KathrynMorricalCoding.random;
				PRODUCT_NAME = "$(TARGET_NAME)";
				SWIFT_VERSION = 3.0;
			};
			name = Debug;
		};
		49B4F33D1E3024C000490366 /* Release */ = {
			isa = XCBuildConfiguration;
			buildSettings = {
				ASSETCATALOG_COMPILER_APPICON_NAME = AppIcon;
				INFOPLIST_FILE = random/Info.plist;
				LD_RUNPATH_SEARCH_PATHS = "$(inherited) @executable_path/Frameworks";
				PRODUCT_BUNDLE_IDENTIFIER = com.KathrynMorricalCoding.random;
				PRODUCT_NAME = "$(TARGET_NAME)";
				SWIFT_VERSION = 3.0;
			};
			name = Release;
		};
		49B4F33F1E3024C000490366 /* Debug */ = {
			isa = XCBuildConfiguration;
			buildSettings = {
				ALWAYS_EMBED_SWIFT_STANDARD_LIBRARIES = YES;
				BUNDLE_LOADER = "$(TEST_HOST)";
				INFOPLIST_FILE = randomTests/Info.plist;
				LD_RUNPATH_SEARCH_PATHS = "$(inherited) @executable_path/Frameworks @loader_path/Frameworks";
				PRODUCT_BUNDLE_IDENTIFIER = com.KathrynMorricalCoding.randomTests;
				PRODUCT_NAME = "$(TARGET_NAME)";
				SWIFT_VERSION = 3.0;
				TEST_HOST = "$(BUILT_PRODUCTS_DIR)/random.app/random";
			};
			name = Debug;
		};
		49B4F3401E3024C000490366 /* Release */ = {
			isa = XCBuildConfiguration;
			buildSettings = {
				ALWAYS_EMBED_SWIFT_STANDARD_LIBRARIES = YES;
				BUNDLE_LOADER = "$(TEST_HOST)";
				INFOPLIST_FILE = randomTests/Info.plist;
				LD_RUNPATH_SEARCH_PATHS = "$(inherited) @executable_path/Frameworks @loader_path/Frameworks";
				PRODUCT_BUNDLE_IDENTIFIER = com.KathrynMorricalCoding.randomTests;
				PRODUCT_NAME = "$(TARGET_NAME)";
				SWIFT_VERSION = 3.0;
				TEST_HOST = "$(BUILT_PRODUCTS_DIR)/random.app/random";
			};
			name = Release;
		};
		49B4F3421E3024C000490366 /* Debug */ = {
			isa = XCBuildConfiguration;
			buildSettings = {
				ALWAYS_EMBED_SWIFT_STANDARD_LIBRARIES = YES;
				INFOPLIST_FILE = randomUITests/Info.plist;
				LD_RUNPATH_SEARCH_PATHS = "$(inherited) @executable_path/Frameworks @loader_path/Frameworks";
				PRODUCT_BUNDLE_IDENTIFIER = com.KathrynMorricalCoding.randomUITests;
				PRODUCT_NAME = "$(TARGET_NAME)";
				SWIFT_VERSION = 3.0;
				TEST_TARGET_NAME = random;
			};
			name = Debug;
		};
		49B4F3431E3024C000490366 /* Release */ = {
			isa = XCBuildConfiguration;
			buildSettings = {
				ALWAYS_EMBED_SWIFT_STANDARD_LIBRARIES = YES;
				INFOPLIST_FILE = randomUITests/Info.plist;
				LD_RUNPATH_SEARCH_PATHS = "$(inherited) @executable_path/Frameworks @loader_path/Frameworks";
				PRODUCT_BUNDLE_IDENTIFIER = com.KathrynMorricalCoding.randomUITests;
				PRODUCT_NAME = "$(TARGET_NAME)";
				SWIFT_VERSION = 3.0;
				TEST_TARGET_NAME = random;
			};
			name = Release;
		};
/* End XCBuildConfiguration section */

/* Begin XCConfigurationList section */
		49B4F30E1E3024C000490366 /* Build configuration list for PBXProject "random" */ = {
			isa = XCConfigurationList;
			buildConfigurations = (
				49B4F3391E3024C000490366 /* Debug */,
				49B4F33A1E3024C000490366 /* Release */,
			);
			defaultConfigurationIsVisible = 0;
			defaultConfigurationName = Release;
		};
		49B4F33B1E3024C000490366 /* Build configuration list for PBXNativeTarget "random" */ = {
			isa = XCConfigurationList;
			buildConfigurations = (
				49B4F33C1E3024C000490366 /* Debug */,
				49B4F33D1E3024C000490366 /* Release */,
			);
			defaultConfigurationIsVisible = 0;
		};
		49B4F33E1E3024C000490366 /* Build configuration list for PBXNativeTarget "randomTests" */ = {
			isa = XCConfigurationList;
			buildConfigurations = (
				49B4F33F1E3024C000490366 /* Debug */,
				49B4F3401E3024C000490366 /* Release */,
			);
			defaultConfigurationIsVisible = 0;
		};
		49B4F3411E3024C000490366 /* Build configuration list for PBXNativeTarget "randomUITests" */ = {
			isa = XCConfigurationList;
			buildConfigurations = (
				49B4F3421E3024C000490366 /* Debug */,
				49B4F3431E3024C000490366 /* Release */,
			);
			defaultConfigurationIsVisible = 0;
		};
/* End XCConfigurationList section */
	};
	rootObject = 49B4F30B1E3024C000490366 /* Project object */;
}
